
Microsoft Visual Studio Solution File, Format Version 12.00
# Visual Studio Version 17
VisualStudioVersion = 17.3.32922.545
MinimumVisualStudioVersion = 10.0.40219.1
Project("{FAE04EC0-301F-11D3-BF4B-00C04F79EFBC}") = "Harjoitus 3-1", "Harjoitus 3-1.csproj", "{0B73AC77-735B-40DB-BA31-39C598CBAD55}"
EndProject
Global
	GlobalSection(SolutionConfigurationPlatforms) = preSolution
		Debug|Any CPU = Debug|Any CPU
		Release|Any CPU = Release|Any CPU
	EndGlobalSection
	GlobalSection(ProjectConfigurationPlatforms) = postSolution
		{0B73AC77-735B-40DB-BA31-39C598CBAD55}.Debug|Any CPU.ActiveCfg = Debug|Any CPU
		{0B73AC77-735B-40DB-BA31-39C598CBAD55}.Debug|Any CPU.Build.0 = Debug|Any CPU
		{0B73AC77-735B-40DB-BA31-39C598CBAD55}.Release|Any CPU.ActiveCfg = Release|Any CPU
		{0B73AC77-735B-40DB-BA31-39C598CBAD55}.Release|Any CPU.Build.0 = Release|Any CPU
	EndGlobalSection
	GlobalSection(SolutionProperties) = preSolution
		HideSolutionNode = FALSE
	EndGlobalSection
	GlobalSection(ExtensibilityGlobals) = postSolution
		SolutionGuid = {0A3B61AD-0570-4649-9788-8195942BFD77}
	EndGlobalSection
EndGlobal
