
Microsoft Visual Studio Solution File, Format Version 12.00
# Visual Studio Version 17
VisualStudioVersion = 17.3.32922.545
MinimumVisualStudioVersion = 10.0.40219.1
Project("{FAE04EC0-301F-11D3-BF4B-00C04F79EFBC}") = "Vanhaharj2", "Vanhaharj2.csproj", "{BDE38D23-5736-4E59-9A2C-36E2EC70F029}"
EndProject
Global
	GlobalSection(SolutionConfigurationPlatforms) = preSolution
		Debug|Any CPU = Debug|Any CPU
		Release|Any CPU = Release|Any CPU
	EndGlobalSection
	GlobalSection(ProjectConfigurationPlatforms) = postSolution
		{BDE38D23-5736-4E59-9A2C-36E2EC70F029}.Debug|Any CPU.ActiveCfg = Debug|Any CPU
		{BDE38D23-5736-4E59-9A2C-36E2EC70F029}.Debug|Any CPU.Build.0 = Debug|Any CPU
		{BDE38D23-5736-4E59-9A2C-36E2EC70F029}.Release|Any CPU.ActiveCfg = Release|Any CPU
		{BDE38D23-5736-4E59-9A2C-36E2EC70F029}.Release|Any CPU.Build.0 = Release|Any CPU
	EndGlobalSection
	GlobalSection(SolutionProperties) = preSolution
		HideSolutionNode = FALSE
	EndGlobalSection
	GlobalSection(ExtensibilityGlobals) = postSolution
		SolutionGuid = {1E50236B-2646-4247-AC3F-3C536D4AB200}
	EndGlobalSection
EndGlobal
