
Microsoft Visual Studio Solution File, Format Version 12.00
# Visual Studio Version 16
VisualStudioVersion = 16.0.32802.440
MinimumVisualStudioVersion = 10.0.40219.1
Project("{F184B08F-C81C-45F6-A57F-5ABD9991F28F}") = "Harjoitus 17", "Harjoitus 17.vbproj", "{4CE3C5B1-3ACA-47EC-BA46-E9733C93E05A}"
EndProject
Global
	GlobalSection(SolutionConfigurationPlatforms) = preSolution
		Debug|Any CPU = Debug|Any CPU
		Release|Any CPU = Release|Any CPU
	EndGlobalSection
	GlobalSection(ProjectConfigurationPlatforms) = postSolution
		{4CE3C5B1-3ACA-47EC-BA46-E9733C93E05A}.Debug|Any CPU.ActiveCfg = Debug|Any CPU
		{4CE3C5B1-3ACA-47EC-BA46-E9733C93E05A}.Debug|Any CPU.Build.0 = Debug|Any CPU
		{4CE3C5B1-3ACA-47EC-BA46-E9733C93E05A}.Release|Any CPU.ActiveCfg = Release|Any CPU
		{4CE3C5B1-3ACA-47EC-BA46-E9733C93E05A}.Release|Any CPU.Build.0 = Release|Any CPU
	EndGlobalSection
	GlobalSection(SolutionProperties) = preSolution
		HideSolutionNode = FALSE
	EndGlobalSection
	GlobalSection(ExtensibilityGlobals) = postSolution
		SolutionGuid = {BFD42E05-3F77-4FA2-8BAF-839503A41C06}
	EndGlobalSection
EndGlobal
