
Microsoft Visual Studio Solution File, Format Version 12.00
# Visual Studio Version 17
VisualStudioVersion = 17.3.32922.545
MinimumVisualStudioVersion = 10.0.40219.1
Project("{FAE04EC0-301F-11D3-BF4B-00C04F79EFBC}") = "vanhaharjoitus4", "vanhaharjoitus4.csproj", "{DE806E15-9B3F-474E-AE90-2DCD90C6604C}"
EndProject
Global
	GlobalSection(SolutionConfigurationPlatforms) = preSolution
		Debug|Any CPU = Debug|Any CPU
		Release|Any CPU = Release|Any CPU
	EndGlobalSection
	GlobalSection(ProjectConfigurationPlatforms) = postSolution
		{DE806E15-9B3F-474E-AE90-2DCD90C6604C}.Debug|Any CPU.ActiveCfg = Debug|Any CPU
		{DE806E15-9B3F-474E-AE90-2DCD90C6604C}.Debug|Any CPU.Build.0 = Debug|Any CPU
		{DE806E15-9B3F-474E-AE90-2DCD90C6604C}.Release|Any CPU.ActiveCfg = Release|Any CPU
		{DE806E15-9B3F-474E-AE90-2DCD90C6604C}.Release|Any CPU.Build.0 = Release|Any CPU
	EndGlobalSection
	GlobalSection(SolutionProperties) = preSolution
		HideSolutionNode = FALSE
	EndGlobalSection
	GlobalSection(ExtensibilityGlobals) = postSolution
		SolutionGuid = {A364FF91-BA45-4A2D-9B13-16A7B96B4AD9}
	EndGlobalSection
EndGlobal
