
Microsoft Visual Studio Solution File, Format Version 12.00
# Visual Studio Version 17
VisualStudioVersion = 17.4.33103.184
MinimumVisualStudioVersion = 10.0.40219.1
Project("{FAE04EC0-301F-11D3-BF4B-00C04F79EFBC}") = "ottov2", "ottov2.csproj", "{35F1A485-EBCC-4B44-83D8-6CBE487A3F2E}"
EndProject
Global
	GlobalSection(SolutionConfigurationPlatforms) = preSolution
		Debug|Any CPU = Debug|Any CPU
		Release|Any CPU = Release|Any CPU
	EndGlobalSection
	GlobalSection(ProjectConfigurationPlatforms) = postSolution
		{35F1A485-EBCC-4B44-83D8-6CBE487A3F2E}.Debug|Any CPU.ActiveCfg = Debug|Any CPU
		{35F1A485-EBCC-4B44-83D8-6CBE487A3F2E}.Debug|Any CPU.Build.0 = Debug|Any CPU
		{35F1A485-EBCC-4B44-83D8-6CBE487A3F2E}.Release|Any CPU.ActiveCfg = Release|Any CPU
		{35F1A485-EBCC-4B44-83D8-6CBE487A3F2E}.Release|Any CPU.Build.0 = Release|Any CPU
	EndGlobalSection
	GlobalSection(SolutionProperties) = preSolution
		HideSolutionNode = FALSE
	EndGlobalSection
	GlobalSection(ExtensibilityGlobals) = postSolution
		SolutionGuid = {CD3AD855-60DA-4CEF-9DE9-86013651C076}
	EndGlobalSection
EndGlobal
